
Microsoft Visual Studio Solution File, Format Version 12.00
# Visual Studio 15
VisualStudioVersion = 15.0.28307.438
MinimumVisualStudioVersion = 10.0.40219.1
Project("{FAE04EC0-301F-11D3-BF4B-00C04F79EFBC}") = "WpfApp1", "WpfApp1\WpfApp1.csproj", "{833D7F3C-8B64-4C72-8F78-89091CAF8E15}"
EndProject
Global
	GlobalSection(SolutionConfigurationPlatforms) = preSolution
		Debug|Any CPU = Debug|Any CPU
		Release|Any CPU = Release|Any CPU
	EndGlobalSection
	GlobalSection(ProjectConfigurationPlatforms) = postSolution
		{833D7F3C-8B64-4C72-8F78-89091CAF8E15}.Debug|Any CPU.ActiveCfg = Debug|Any CPU
		{833D7F3C-8B64-4C72-8F78-89091CAF8E15}.Debug|Any CPU.Build.0 = Debug|Any CPU
		{833D7F3C-8B64-4C72-8F78-89091CAF8E15}.Release|Any CPU.ActiveCfg = Release|Any CPU
		{833D7F3C-8B64-4C72-8F78-89091CAF8E15}.Release|Any CPU.Build.0 = Release|Any CPU
	EndGlobalSection
	GlobalSection(SolutionProperties) = preSolution
		HideSolutionNode = FALSE
	EndGlobalSection
	GlobalSection(ExtensibilityGlobals) = postSolution
		SolutionGuid = {F693212C-4E67-4DC9-8F44-3C0A392147A1}
	EndGlobalSection
EndGlobal
